// !$*UTF8*$!
{
	archiveVersion = 1;
	classes = {
	};
	objectVersion = 56;
	objects = {

/* Begin PBXBuildFile section */
		59000F052AA622F300E91F1B /* AppDelegate.swift in Sources */ = {isa = PBXBuildFile; fileRef = 59000F042AA622F300E91F1B /* AppDelegate.swift */; };
		59000F072AA622F300E91F1B /* SceneDelegate.swift in Sources */ = {isa = PBXBuildFile; fileRef = 59000F062AA622F300E91F1B /* SceneDelegate.swift */; };
		59000F092AA622F300E91F1B /* ViewController.swift in Sources */ = {isa = PBXBuildFile; fileRef = 59000F082AA622F300E91F1B /* ViewController.swift */; };
		59000F0C2AA622F300E91F1B /* Main.storyboard in Resources */ = {isa = PBXBuildFile; fileRef = 59000F0A2AA622F300E91F1B /* Main.storyboard */; };
		59000F0E2AA622F400E91F1B /* Assets.xcassets in Resources */ = {isa = PBXBuildFile; fileRef = 59000F0D2AA622F400E91F1B /* Assets.xcassets */; };
		59000F112AA622F400E91F1B /* LaunchScreen.storyboard in Resources */ = {isa = PBXBuildFile; fileRef = 59000F0F2AA622F400E91F1B /* LaunchScreen.storyboard */; };
		59000F1C2AA622F500E91F1B /* DeligateTests.swift in Sources */ = {isa = PBXBuildFile; fileRef = 59000F1B2AA622F500E91F1B /* DeligateTests.swift */; };
		59000F262AA622F500E91F1B /* DeligateUITests.swift in Sources */ = {isa = PBXBuildFile; fileRef = 59000F252AA622F500E91F1B /* DeligateUITests.swift */; };
		59000F282AA622F500E91F1B /* DeligateUITestsLaunchTests.swift in Sources */ = {isa = PBXBuildFile; fileRef = 59000F272AA622F500E91F1B /* DeligateUITestsLaunchTests.swift */; };
		59000F352AA6238D00E91F1B /* ModalViewController.swift in Sources */ = {isa = PBXBuildFile; fileRef = 59000F342AA6238D00E91F1B /* ModalViewController.swift */; };
/* End PBXBuildFile section */

/* Begin PBXContainerItemProxy section */
		59000F182AA622F500E91F1B /* PBXContainerItemProxy */ = {
			isa = PBXContainerItemProxy;
			containerPortal = 59000EF92AA622F300E91F1B /* Project object */;
			proxyType = 1;
			remoteGlobalIDString = 59000F002AA622F300E91F1B;
			remoteInfo = Deligate;
		};
		59000F222AA622F500E91F1B /* PBXContainerItemProxy */ = {
			isa = PBXContainerItemProxy;
			containerPortal = 59000EF92AA622F300E91F1B /* Project object */;
			proxyType = 1;
			remoteGlobalIDString = 59000F002AA622F300E91F1B;
			remoteInfo = Deligate;
		};
/* End PBXContainerItemProxy section */

/* Begin PBXFileReference section */
		59000F012AA622F300E91F1B /* Deligate.app */ = {isa = PBXFileReference; explicitFileType = wrapper.application; includeInIndex = 0; path = Deligate.app; sourceTree = BUILT_PRODUCTS_DIR; };
		59000F042AA622F300E91F1B /* AppDelegate.swift */ = {isa = PBXFileReference; lastKnownFileType = sourcecode.swift; path = AppDelegate.swift; sourceTree = "<group>"; };
		59000F062AA622F300E91F1B /* SceneDelegate.swift */ = {isa = PBXFileReference; lastKnownFileType = sourcecode.swift; path = SceneDelegate.swift; sourceTree = "<group>"; };
		59000F082AA622F300E91F1B /* ViewController.swift */ = {isa = PBXFileReference; lastKnownFileType = sourcecode.swift; path = ViewController.swift; sourceTree = "<group>"; };
		59000F0B2AA622F300E91F1B /* Base */ = {isa = PBXFileReference; lastKnownFileType = file.storyboard; name = Base; path = Base.lproj/Main.storyboard; sourceTree = "<group>"; };
		59000F0D2AA622F400E91F1B /* Assets.xcassets */ = {isa = PBXFileReference; lastKnownFileType = folder.assetcatalog; path = Assets.xcassets; sourceTree = "<group>"; };
		59000F102AA622F400E91F1B /* Base */ = {isa = PBXFileReference; lastKnownFileType = file.storyboard; name = Base; path = Base.lproj/LaunchScreen.storyboard; sourceTree = "<group>"; };
		59000F122AA622F400E91F1B /* Info.plist */ = {isa = PBXFileReference; lastKnownFileType = text.plist.xml; path = Info.plist; sourceTree = "<group>"; };
		59000F172AA622F500E91F1B /* DeligateTests.xctest */ = {isa = PBXFileReference; explicitFileType = wrapper.cfbundle; includeInIndex = 0; path = DeligateTests.xctest; sourceTree = BUILT_PRODUCTS_DIR; };
		59000F1B2AA622F500E91F1B /* DeligateTests.swift */ = {isa = PBXFileReference; lastKnownFileType = sourcecode.swift; path = DeligateTests.swift; sourceTree = "<group>"; };
		59000F212AA622F500E91F1B /* DeligateUITests.xctest */ = {isa = PBXFileReference; explicitFileType = wrapper.cfbundle; includeInIndex = 0; path = DeligateUITests.xctest; sourceTree = BUILT_PRODUCTS_DIR; };
		59000F252AA622F500E91F1B /* DeligateUITests.swift */ = {isa = PBXFileReference; lastKnownFileType = sourcecode.swift; path = DeligateUITests.swift; sourceTree = "<group>"; };
		59000F272AA622F500E91F1B /* DeligateUITestsLaunchTests.swift */ = {isa = PBXFileReference; lastKnownFileType = sourcecode.swift; path = DeligateUITestsLaunchTests.swift; sourceTree = "<group>"; };
		59000F342AA6238D00E91F1B /* ModalViewController.swift */ = {isa = PBXFileReference; lastKnownFileType = sourcecode.swift; path = ModalViewController.swift; sourceTree = "<group>"; };
/* End PBXFileReference section */

/* Begin PBXFrameworksBuildPhase section */
		59000EFE2AA622F300E91F1B /* Frameworks */ = {
			isa = PBXFrameworksBuildPhase;
			buildActionMask = 2147483647;
			files = (
			);
			runOnlyForDeploymentPostprocessing = 0;
		};
		59000F142AA622F500E91F1B /* Frameworks */ = {
			isa = PBXFrameworksBuildPhase;
			buildActionMask = 2147483647;
			files = (
			);
			runOnlyForDeploymentPostprocessing = 0;
		};
		59000F1E2AA622F500E91F1B /* Frameworks */ = {
			isa = PBXFrameworksBuildPhase;
			buildActionMask = 2147483647;
			files = (
			);
			runOnlyForDeploymentPostprocessing = 0;
		};
/* End PBXFrameworksBuildPhase section */

/* Begin PBXGroup section */
		59000EF82AA622F300E91F1B = {
			isa = PBXGroup;
			children = (
				59000F032AA622F300E91F1B /* Deligate */,
				59000F1A2AA622F500E91F1B /* DeligateTests */,
				59000F242AA622F500E91F1B /* DeligateUITests */,
				59000F022AA622F300E91F1B /* Products */,
			);
			sourceTree = "<group>";
		};
		59000F022AA622F300E91F1B /* Products */ = {
			isa = PBXGroup;
			children = (
				59000F012AA622F300E91F1B /* Deligate.app */,
				59000F172AA622F500E91F1B /* DeligateTests.xctest */,
				59000F212AA622F500E91F1B /* DeligateUITests.xctest */,
			);
			name = Products;
			sourceTree = "<group>";
		};
		59000F032AA622F300E91F1B /* Deligate */ = {
			isa = PBXGroup;
			children = (
				59000F042AA622F300E91F1B /* AppDelegate.swift */,
				59000F062AA622F300E91F1B /* SceneDelegate.swift */,
				59000F082AA622F300E91F1B /* ViewController.swift */,
				59000F342AA6238D00E91F1B /* ModalViewController.swift */,
				59000F0A2AA622F300E91F1B /* Main.storyboard */,
				59000F0D2AA622F400E91F1B /* Assets.xcassets */,
				59000F0F2AA622F400E91F1B /* LaunchScreen.storyboard */,
				59000F122AA622F400E91F1B /* Info.plist */,
			);
			path = Deligate;
			sourceTree = "<group>";
		};
		59000F1A2AA622F500E91F1B /* DeligateTests */ = {
			isa = PBXGroup;
			children = (
				59000F1B2AA622F500E91F1B /* DeligateTests.swift */,
			);
			path = DeligateTests;
			sourceTree = "<group>";
		};
		59000F242AA622F500E91F1B /* DeligateUITests */ = {
			isa = PBXGroup;
			children = (
				59000F252AA622F500E91F1B /* DeligateUITests.swift */,
				59000F272AA622F500E91F1B /* DeligateUITestsLaunchTests.swift */,
			);
			path = DeligateUITests;
			sourceTree = "<group>";
		};
/* End PBXGroup section */

/* Begin PBXNativeTarget section */
		59000F002AA622F300E91F1B /* Deligate */ = {
			isa = PBXNativeTarget;
			buildConfigurationList = 59000F2B2AA622F500E91F1B /* Build configuration list for PBXNativeTarget "Deligate" */;
			buildPhases = (
				59000EFD2AA622F300E91F1B /* Sources */,
				59000EFE2AA622F300E91F1B /* Frameworks */,
				59000EFF2AA622F300E91F1B /* Resources */,
			);
			buildRules = (
			);
			dependencies = (
			);
			name = Deligate;
			productName = Deligate;
			productReference = 59000F012AA622F300E91F1B /* Deligate.app */;
			productType = "com.apple.product-type.application";
		};
		59000F162AA622F500E91F1B /* DeligateTests */ = {
			isa = PBXNativeTarget;
			buildConfigurationList = 59000F2E2AA622F500E91F1B /* Build configuration list for PBXNativeTarget "DeligateTests" */;
			buildPhases = (
				59000F132AA622F500E91F1B /* Sources */,
				59000F142AA622F500E91F1B /* Frameworks */,
				59000F152AA622F500E91F1B /* Resources */,
			);
			buildRules = (
			);
			dependencies = (
				59000F192AA622F500E91F1B /* PBXTargetDependency */,
			);
			name = DeligateTests;
			productName = DeligateTests;
			productReference = 59000F172AA622F500E91F1B /* DeligateTests.xctest */;
			productType = "com.apple.product-type.bundle.unit-test";
		};
		59000F202AA622F500E91F1B /* DeligateUITests */ = {
			isa = PBXNativeTarget;
			buildConfigurationList = 59000F312AA622F500E91F1B /* Build configuration list for PBXNativeTarget "DeligateUITests" */;
			buildPhases = (
				59000F1D2AA622F500E91F1B /* Sources */,
				59000F1E2AA622F500E91F1B /* Frameworks */,
				59000F1F2AA622F500E91F1B /* Resources */,
			);
			buildRules = (
			);
			dependencies = (
				59000F232AA622F500E91F1B /* PBXTargetDependency */,
			);
			name = DeligateUITests;
			productName = DeligateUITests;
			productReference = 59000F212AA622F500E91F1B /* DeligateUITests.xctest */;
			productType = "com.apple.product-type.bundle.ui-testing";
		};
/* End PBXNativeTarget section */

/* Begin PBXProject section */
		59000EF92AA622F300E91F1B /* Project object */ = {
			isa = PBXProject;
			attributes = {
				BuildIndependentTargetsInParallel = 1;
				LastSwiftUpdateCheck = 1430;
				LastUpgradeCheck = 1430;
				TargetAttributes = {
					59000F002AA622F300E91F1B = {
						CreatedOnToolsVersion = 14.3.1;
					};
					59000F162AA622F500E91F1B = {
						CreatedOnToolsVersion = 14.3.1;
						TestTargetID = 59000F002AA622F300E91F1B;
					};
					59000F202AA622F500E91F1B = {
						CreatedOnToolsVersion = 14.3.1;
						TestTargetID = 59000F002AA622F300E91F1B;
					};
				};
			};
			buildConfigurationList = 59000EFC2AA622F300E91F1B /* Build configuration list for PBXProject "Deligate" */;
			compatibilityVersion = "Xcode 14.0";
			developmentRegion = en;
			hasScannedForEncodings = 0;
			knownRegions = (
				en,
				Base,
			);
			mainGroup = 59000EF82AA622F300E91F1B;
			productRefGroup = 59000F022AA622F300E91F1B /* Products */;
			projectDirPath = "";
			projectRoot = "";
			targets = (
				59000F002AA622F300E91F1B /* Deligate */,
				59000F162AA622F500E91F1B /* DeligateTests */,
				59000F202AA622F500E91F1B /* DeligateUITests */,
			);
		};
/* End PBXProject section */

/* Begin PBXResourcesBuildPhase section */
		59000EFF2AA622F300E91F1B /* Resources */ = {
			isa = PBXResourcesBuildPhase;
			buildActionMask = 2147483647;
			files = (
				59000F112AA622F400E91F1B /* LaunchScreen.storyboard in Resources */,
				59000F0E2AA622F400E91F1B /* Assets.xcassets in Resources */,
				59000F0C2AA622F300E91F1B /* Main.storyboard in Resources */,
			);
			runOnlyForDeploymentPostprocessing = 0;
		};
		59000F152AA622F500E91F1B /* Resources */ = {
			isa = PBXResourcesBuildPhase;
			buildActionMask = 2147483647;
			files = (
			);
			runOnlyForDeploymentPostprocessing = 0;
		};
		59000F1F2AA622F500E91F1B /* Resources */ = {
			isa = PBXResourcesBuildPhase;
			buildActionMask = 2147483647;
			files = (
			);
			runOnlyForDeploymentPostprocessing = 0;
		};
/* End PBXResourcesBuildPhase section */

/* Begin PBXSourcesBuildPhase section */
		59000EFD2AA622F300E91F1B /* Sources */ = {
			isa = PBXSourcesBuildPhase;
			buildActionMask = 2147483647;
			files = (
				59000F352AA6238D00E91F1B /* ModalViewController.swift in Sources */,
				59000F092AA622F300E91F1B /* ViewController.swift in Sources */,
				59000F052AA622F300E91F1B /* AppDelegate.swift in Sources */,
				59000F072AA622F300E91F1B /* SceneDelegate.swift in Sources */,
			);
			runOnlyForDeploymentPostprocessing = 0;
		};
		59000F132AA622F500E91F1B /* Sources */ = {
			isa = PBXSourcesBuildPhase;
			buildActionMask = 2147483647;
			files = (
				59000F1C2AA622F500E91F1B /* DeligateTests.swift in Sources */,
			);
			runOnlyForDeploymentPostprocessing = 0;
		};
		59000F1D2AA622F500E91F1B /* Sources */ = {
			isa = PBXSourcesBuildPhase;
			buildActionMask = 2147483647;
			files = (
				59000F282AA622F500E91F1B /* DeligateUITestsLaunchTests.swift in Sources */,
				59000F262AA622F500E91F1B /* DeligateUITests.swift in Sources */,
			);
			runOnlyForDeploymentPostprocessing = 0;
		};
/* End PBXSourcesBuildPhase section */

/* Begin PBXTargetDependency section */
		59000F192AA622F500E91F1B /* PBXTargetDependency */ = {
			isa = PBXTargetDependency;
			target = 59000F002AA622F300E91F1B /* Deligate */;
			targetProxy = 59000F182AA622F500E91F1B /* PBXContainerItemProxy */;
		};
		59000F232AA622F500E91F1B /* PBXTargetDependency */ = {
			isa = PBXTargetDependency;
			target = 59000F002AA622F300E91F1B /* Deligate */;
			targetProxy = 59000F222AA622F500E91F1B /* PBXContainerItemProxy */;
		};
/* End PBXTargetDependency section */

/* Begin PBXVariantGroup section */
		59000F0A2AA622F300E91F1B /* Main.storyboard */ = {
			isa = PBXVariantGroup;
			children = (
				59000F0B2AA622F300E91F1B /* Base */,
			);
			name = Main.storyboard;
			sourceTree = "<group>";
		};
		59000F0F2AA622F400E91F1B /* LaunchScreen.storyboard */ = {
			isa = PBXVariantGroup;
			children = (
				59000F102AA622F400E91F1B /* Base */,
			);
			name = LaunchScreen.storyboard;
			sourceTree = "<group>";
		};
/* End PBXVariantGroup section */

/* Begin XCBuildConfiguration section */
		59000F292AA622F500E91F1B /* Debug */ = {
			isa = XCBuildConfiguration;
			buildSettings = {
				ALWAYS_SEARCH_USER_PATHS = NO;
				CLANG_ANALYZER_NONNULL = YES;
				CLANG_ANALYZER_NUMBER_OBJECT_CONVERSION = YES_AGGRESSIVE;
				CLANG_CXX_LANGUAGE_STANDARD = "gnu++20";
				CLANG_ENABLE_MODULES = YES;
				CLANG_ENABLE_OBJC_ARC = YES;
				CLANG_ENABLE_OBJC_WEAK = YES;
				CLANG_WARN_BLOCK_CAPTURE_AUTORELEASING = YES;
				CLANG_WARN_BOOL_CONVERSION = YES;
				CLANG_WARN_COMMA = YES;
				CLANG_WARN_CONSTANT_CONVERSION = YES;
				CLANG_WARN_DEPRECATED_OBJC_IMPLEMENTATIONS = YES;
				CLANG_WARN_DIRECT_OBJC_ISA_USAGE = YES_ERROR;
				CLANG_WARN_DOCUMENTATION_COMMENTS = YES;
				CLANG_WARN_EMPTY_BODY = YES;
				CLANG_WARN_ENUM_CONVERSION = YES;
				CLANG_WARN_INFINITE_RECURSION = YES;
				CLANG_WARN_INT_CONVERSION = YES;
				CLANG_WARN_NON_LITERAL_NULL_CONVERSION = YES;
				CLANG_WARN_OBJC_IMPLICIT_RETAIN_SELF = YES;
				CLANG_WARN_OBJC_LITERAL_CONVERSION = YES;
				CLANG_WARN_OBJC_ROOT_CLASS = YES_ERROR;
				CLANG_WARN_QUOTED_INCLUDE_IN_FRAMEWORK_HEADER = YES;
				CLANG_WARN_RANGE_LOOP_ANALYSIS = YES;
				CLANG_WARN_STRICT_PROTOTYPES = YES;
				CLANG_WARN_SUSPICIOUS_MOVE = YES;
				CLANG_WARN_UNGUARDED_AVAILABILITY = YES_AGGRESSIVE;
				CLANG_WARN_UNREACHABLE_CODE = YES;
				CLANG_WARN__DUPLICATE_METHOD_MATCH = YES;
				COPY_PHASE_STRIP = NO;
				DEBUG_INFORMATION_FORMAT = dwarf;
				ENABLE_STRICT_OBJC_MSGSEND = YES;
				ENABLE_TESTABILITY = YES;
				GCC_C_LANGUAGE_STANDARD = gnu11;
				GCC_DYNAMIC_NO_PIC = NO;
				GCC_NO_COMMON_BLOCKS = YES;
				GCC_OPTIMIZATION_LEVEL = 0;
				GCC_PREPROCESSOR_DEFINITIONS = (
					"DEBUG=1",
					"$(inherited)",
				);
				GCC_WARN_64_TO_32_BIT_CONVERSION = YES;
				GCC_WARN_ABOUT_RETURN_TYPE = YES_ERROR;
				GCC_WARN_UNDECLARED_SELECTOR = YES;
				GCC_WARN_UNINITIALIZED_AUTOS = YES_AGGRESSIVE;
				GCC_WARN_UNUSED_FUNCTION = YES;
				GCC_WARN_UNUSED_VARIABLE = YES;
				IPHONEOS_DEPLOYMENT_TARGET = 16.4;
				MTL_ENABLE_DEBUG_INFO = INCLUDE_SOURCE;
				MTL_FAST_MATH = YES;
				ONLY_ACTIVE_ARCH = YES;
				SDKROOT = iphoneos;
				SWIFT_ACTIVE_COMPILATION_CONDITIONS = DEBUG;
				SWIFT_OPTIMIZATION_LEVEL = "-Onone";
			};
			name = Debug;
		};
		59000F2A2AA622F500E91F1B /* Release */ = {
			isa = XCBuildConfiguration;
			buildSettings = {
				ALWAYS_SEARCH_USER_PATHS = NO;
				CLANG_ANALYZER_NONNULL = YES;
				CLANG_ANALYZER_NUMBER_OBJECT_CONVERSION = YES_AGGRESSIVE;
				CLANG_CXX_LANGUAGE_STANDARD = "gnu++20";
				CLANG_ENABLE_MODULES = YES;
				CLANG_ENABLE_OBJC_ARC = YES;
				CLANG_ENABLE_OBJC_WEAK = YES;
				CLANG_WARN_BLOCK_CAPTURE_AUTORELEASING = YES;
				CLANG_WARN_BOOL_CONVERSION = YES;
				CLANG_WARN_COMMA = YES;
				CLANG_WARN_CONSTANT_CONVERSION = YES;
				CLANG_WARN_DEPRECATED_OBJC_IMPLEMENTATIONS = YES;
				CLANG_WARN_DIRECT_OBJC_ISA_USAGE = YES_ERROR;
				CLANG_WARN_DOCUMENTATION_COMMENTS = YES;
				CLANG_WARN_EMPTY_BODY = YES;
				CLANG_WARN_ENUM_CONVERSION = YES;
				CLANG_WARN_INFINITE_RECURSION = YES;
				CLANG_WARN_INT_CONVERSION = YES;
				CLANG_WARN_NON_LITERAL_NULL_CONVERSION = YES;
				CLANG_WARN_OBJC_IMPLICIT_RETAIN_SELF = YES;
				CLANG_WARN_OBJC_LITERAL_CONVERSION = YES;
				CLANG_WARN_OBJC_ROOT_CLASS = YES_ERROR;
				CLANG_WARN_QUOTED_INCLUDE_IN_FRAMEWORK_HEADER = YES;
				CLANG_WARN_RANGE_LOOP_ANALYSIS = YES;
				CLANG_WARN_STRICT_PROTOTYPES = YES;
				CLANG_WARN_SUSPICIOUS_MOVE = YES;
				CLANG_WARN_UNGUARDED_AVAILABILITY = YES_AGGRESSIVE;
				CLANG_WARN_UNREACHABLE_CODE = YES;
				CLANG_WARN__DUPLICATE_METHOD_MATCH = YES;
				COPY_PHASE_STRIP = NO;
				DEBUG_INFORMATION_FORMAT = "dwarf-with-dsym";
				ENABLE_NS_ASSERTIONS = NO;
				ENABLE_STRICT_OBJC_MSGSEND = YES;
				GCC_C_LANGUAGE_STANDARD = gnu11;
				GCC_NO_COMMON_BLOCKS = YES;
				GCC_WARN_64_TO_32_BIT_CONVERSION = YES;
				GCC_WARN_ABOUT_RETURN_TYPE = YES_ERROR;
				GCC_WARN_UNDECLARED_SELECTOR = YES;
				GCC_WARN_UNINITIALIZED_AUTOS = YES_AGGRESSIVE;
				GCC_WARN_UNUSED_FUNCTION = YES;
				GCC_WARN_UNUSED_VARIABLE = YES;
				IPHONEOS_DEPLOYMENT_TARGET = 16.4;
				MTL_ENABLE_DEBUG_INFO = NO;
				MTL_FAST_MATH = YES;
				SDKROOT = iphoneos;
				SWIFT_COMPILATION_MODE = wholemodule;
				SWIFT_OPTIMIZATION_LEVEL = "-O";
				VALIDATE_PRODUCT = YES;
			};
			name = Release;
		};
		59000F2C2AA622F500E91F1B /* Debug */ = {
			isa = XCBuildConfiguration;
			buildSettings = {
				ASSETCATALOG_COMPILER_APPICON_NAME = AppIcon;
				ASSETCATALOG_COMPILER_GLOBAL_ACCENT_COLOR_NAME = AccentColor;
				CODE_SIGN_STYLE = Automatic;
				CURRENT_PROJECT_VERSION = 1;
				GENERATE_INFOPLIST_FILE = YES;
				INFOPLIST_FILE = Deligate/Info.plist;
				INFOPLIST_KEY_UIApplicationSupportsIndirectInputEvents = YES;
				INFOPLIST_KEY_UILaunchStoryboardName = LaunchScreen;
				INFOPLIST_KEY_UIMainStoryboardFile = Main;
				INFOPLIST_KEY_UISupportedInterfaceOrientations_iPad = "UIInterfaceOrientationPortrait UIInterfaceOrientationPortraitUpsideDown UIInterfaceOrientationLandscapeLeft UIInterfaceOrientationLandscapeRight";
				INFOPLIST_KEY_UISupportedInterfaceOrientations_iPhone = "UIInterfaceOrientationPortrait UIInterfaceOrientationLandscapeLeft UIInterfaceOrientationLandscapeRight";
				LD_RUNPATH_SEARCH_PATHS = (
					"$(inherited)",
					"@executable_path/Frameworks",
				);
				MARKETING_VERSION = 1.0;
				PRODUCT_BUNDLE_IDENTIFIER = kz.newpro.Deligate;
				PRODUCT_NAME = "$(TARGET_NAME)";
				SWIFT_EMIT_LOC_STRINGS = YES;
				SWIFT_VERSION = 5.0;
				TARGETED_DEVICE_FAMILY = "1,2";
			};
			name = Debug;
		};
		59000F2D2AA622F500E91F1B /* Release */ = {
			isa = XCBuildConfiguration;
			buildSettings = {
				ASSETCATALOG_COMPILER_APPICON_NAME = AppIcon;
				ASSETCATALOG_COMPILER_GLOBAL_ACCENT_COLOR_NAME = AccentColor;
				CODE_SIGN_STYLE = Automatic;
				CURRENT_PROJECT_VERSION = 1;
				GENERATE_INFOPLIST_FILE = YES;
				INFOPLIST_FILE = Deligate/Info.plist;
				INFOPLIST_KEY_UIApplicationSupportsIndirectInputEvents = YES;
				INFOPLIST_KEY_UILaunchStoryboardName = LaunchScreen;
				INFOPLIST_KEY_UIMainStoryboardFile = Main;
				INFOPLIST_KEY_UISupportedInterfaceOrientations_iPad = "UIInterfaceOrientationPortrait UIInterfaceOrientationPortraitUpsideDown UIInterfaceOrientationLandscapeLeft UIInterfaceOrientationLandscapeRight";
				INFOPLIST_KEY_UISupportedInterfaceOrientations_iPhone = "UIInterfaceOrientationPortrait UIInterfaceOrientationLandscapeLeft UIInterfaceOrientationLandscapeRight";
				LD_RUNPATH_SEARCH_PATHS = (
					"$(inherited)",
					"@executable_path/Frameworks",
				);
				MARKETING_VERSION = 1.0;
				PRODUCT_BUNDLE_IDENTIFIER = kz.newpro.Deligate;
				PRODUCT_NAME = "$(TARGET_NAME)";
				SWIFT_EMIT_LOC_STRINGS = YES;
				SWIFT_VERSION = 5.0;
				TARGETED_DEVICE_FAMILY = "1,2";
			};
			name = Release;
		};
		59000F2F2AA622F500E91F1B /* Debug */ = {
			isa = XCBuildConfiguration;
			buildSettings = {
				ALWAYS_EMBED_SWIFT_STANDARD_LIBRARIES = YES;
				BUNDLE_LOADER = "$(TEST_HOST)";
				CODE_SIGN_STYLE = Automatic;
				CURRENT_PROJECT_VERSION = 1;
				GENERATE_INFOPLIST_FILE = YES;
				IPHONEOS_DEPLOYMENT_TARGET = 16.4;
				MARKETING_VERSION = 1.0;
				PRODUCT_BUNDLE_IDENTIFIER = kz.newpro.DeligateTests;
				PRODUCT_NAME = "$(TARGET_NAME)";
				SWIFT_EMIT_LOC_STRINGS = NO;
				SWIFT_VERSION = 5.0;
				TARGETED_DEVICE_FAMILY = "1,2";
				TEST_HOST = "$(BUILT_PRODUCTS_DIR)/Deligate.app/$(BUNDLE_EXECUTABLE_FOLDER_PATH)/Deligate";
			};
			name = Debug;
		};
		59000F302AA622F500E91F1B /* Release */ = {
			isa = XCBuildConfiguration;
			buildSettings = {
				ALWAYS_EMBED_SWIFT_STANDARD_LIBRARIES = YES;
				BUNDLE_LOADER = "$(TEST_HOST)";
				CODE_SIGN_STYLE = Automatic;
				CURRENT_PROJECT_VERSION = 1;
				GENERATE_INFOPLIST_FILE = YES;
				IPHONEOS_DEPLOYMENT_TARGET = 16.4;
				MARKETING_VERSION = 1.0;
				PRODUCT_BUNDLE_IDENTIFIER = kz.newpro.DeligateTests;
				PRODUCT_NAME = "$(TARGET_NAME)";
				SWIFT_EMIT_LOC_STRINGS = NO;
				SWIFT_VERSION = 5.0;
				TARGETED_DEVICE_FAMILY = "1,2";
				TEST_HOST = "$(BUILT_PRODUCTS_DIR)/Deligate.app/$(BUNDLE_EXECUTABLE_FOLDER_PATH)/Deligate";
			};
			name = Release;
		};
		59000F322AA622F500E91F1B /* Debug */ = {
			isa = XCBuildConfiguration;
			buildSettings = {
				ALWAYS_EMBED_SWIFT_STANDARD_LIBRARIES = YES;
				CODE_SIGN_STYLE = Automatic;
				CURRENT_PROJECT_VERSION = 1;
				GENERATE_INFOPLIST_FILE = YES;
				MARKETING_VERSION = 1.0;
				PRODUCT_BUNDLE_IDENTIFIER = kz.newpro.DeligateUITests;
				PRODUCT_NAME = "$(TARGET_NAME)";
				SWIFT_EMIT_LOC_STRINGS = NO;
				SWIFT_VERSION = 5.0;
				TARGETED_DEVICE_FAMILY = "1,2";
				TEST_TARGET_NAME = Deligate;
			};
			name = Debug;
		};
		59000F332AA622F500E91F1B /* Release */ = {
			isa = XCBuildConfiguration;
			buildSettings = {
				ALWAYS_EMBED_SWIFT_STANDARD_LIBRARIES = YES;
				CODE_SIGN_STYLE = Automatic;
				CURRENT_PROJECT_VERSION = 1;
				GENERATE_INFOPLIST_FILE = YES;
				MARKETING_VERSION = 1.0;
				PRODUCT_BUNDLE_IDENTIFIER = kz.newpro.DeligateUITests;
				PRODUCT_NAME = "$(TARGET_NAME)";
				SWIFT_EMIT_LOC_STRINGS = NO;
				SWIFT_VERSION = 5.0;
				TARGETED_DEVICE_FAMILY = "1,2";
				TEST_TARGET_NAME = Deligate;
			};
			name = Release;
		};
/* End XCBuildConfiguration section */

/* Begin XCConfigurationList section */
		59000EFC2AA622F300E91F1B /* Build configuration list for PBXProject "Deligate" */ = {
			isa = XCConfigurationList;
			buildConfigurations = (
				59000F292AA622F500E91F1B /* Debug */,
				59000F2A2AA622F500E91F1B /* Release */,
			);
			defaultConfigurationIsVisible = 0;
			defaultConfigurationName = Release;
		};
		59000F2B2AA622F500E91F1B /* Build configuration list for PBXNativeTarget "Deligate" */ = {
			isa = XCConfigurationList;
			buildConfigurations = (
				59000F2C2AA622F500E91F1B /* Debug */,
				59000F2D2AA622F500E91F1B /* Release */,
			);
			defaultConfigurationIsVisible = 0;
			defaultConfigurationName = Release;
		};
		59000F2E2AA622F500E91F1B /* Build configuration list for PBXNativeTarget "DeligateTests" */ = {
			isa = XCConfigurationList;
			buildConfigurations = (
				59000F2F2AA622F500E91F1B /* Debug */,
				59000F302AA622F500E91F1B /* Release */,
			);
			defaultConfigurationIsVisible = 0;
			defaultConfigurationName = Release;
		};
		59000F312AA622F500E91F1B /* Build configuration list for PBXNativeTarget "DeligateUITests" */ = {
			isa = XCConfigurationList;
			buildConfigurations = (
				59000F322AA622F500E91F1B /* Debug */,
				59000F332AA622F500E91F1B /* Release */,
			);
			defaultConfigurationIsVisible = 0;
			defaultConfigurationName = Release;
		};
/* End XCConfigurationList section */
	};
	rootObject = 59000EF92AA622F300E91F1B /* Project object */;
}
